
Microsoft Visual Studio Solution File, Format Version 12.00
# Visual Studio Version 16
VisualStudioVersion = 16.0.29123.88
MinimumVisualStudioVersion = 10.0.40219.1
Project("{FAE04EC0-301F-11D3-BF4B-00C04F79EFBC}") = "KybusEnigma.XUnit", "test\KybusEnigma.XUnit.csproj", "{03F6A49D-4EE4-4F2F-A521-0936C20BFCA7}"
EndProject
Project("{FAE04EC0-301F-11D3-BF4B-00C04F79EFBC}") = "KybusEnigma.Lib", "src\KybusEnigma.Lib.csproj", "{AA826659-1697-4C6D-B7E2-BABFC33AE702}"
EndProject
Global
	GlobalSection(SolutionConfigurationPlatforms) = preSolution
		Debug|Any CPU = Debug|Any CPU
		Release|Any CPU = Release|Any CPU
	EndGlobalSection
	GlobalSection(ProjectConfigurationPlatforms) = postSolution
		{03F6A49D-4EE4-4F2F-A521-0936C20BFCA7}.Debug|Any CPU.ActiveCfg = Debug|Any CPU
		{03F6A49D-4EE4-4F2F-A521-0936C20BFCA7}.Debug|Any CPU.Build.0 = Debug|Any CPU
		{03F6A49D-4EE4-4F2F-A521-0936C20BFCA7}.Release|Any CPU.ActiveCfg = Release|Any CPU
		{03F6A49D-4EE4-4F2F-A521-0936C20BFCA7}.Release|Any CPU.Build.0 = Release|Any CPU
		{AA826659-1697-4C6D-B7E2-BABFC33AE702}.Debug|Any CPU.ActiveCfg = Debug|Any CPU
		{AA826659-1697-4C6D-B7E2-BABFC33AE702}.Debug|Any CPU.Build.0 = Debug|Any CPU
		{AA826659-1697-4C6D-B7E2-BABFC33AE702}.Release|Any CPU.ActiveCfg = Release|Any CPU
		{AA826659-1697-4C6D-B7E2-BABFC33AE702}.Release|Any CPU.Build.0 = Release|Any CPU
	EndGlobalSection
	GlobalSection(SolutionProperties) = preSolution
		HideSolutionNode = FALSE
	EndGlobalSection
	GlobalSection(ExtensibilityGlobals) = postSolution
		SolutionGuid = {E60FDE32-7C79-4CA2-BCFC-88AC3566AD8C}
	EndGlobalSection
EndGlobal
